
Microsoft Visual Studio Solution File, Format Version 12.00
# Visual Studio 15
VisualStudioVersion = 15.0.28307.705
MinimumVisualStudioVersion = 10.0.40219.1
Project("{9A19103F-16F7-4668-BE54-9A1E7A4F7556}") = "BABsConsoleTemplate", "BABsConsoleTemplate.csproj", "{9ED8DBDF-18D0-4FB5-B56B-AC1F06E43AF5}"
EndProject
Global
	GlobalSection(SolutionConfigurationPlatforms) = preSolution
		Debug|Any CPU = Debug|Any CPU
		Release|Any CPU = Release|Any CPU
	EndGlobalSection
	GlobalSection(ProjectConfigurationPlatforms) = postSolution
		{9ED8DBDF-18D0-4FB5-B56B-AC1F06E43AF5}.Debug|Any CPU.ActiveCfg = Debug|Any CPU
		{9ED8DBDF-18D0-4FB5-B56B-AC1F06E43AF5}.Debug|Any CPU.Build.0 = Debug|Any CPU
		{9ED8DBDF-18D0-4FB5-B56B-AC1F06E43AF5}.Release|Any CPU.ActiveCfg = Release|Any CPU
		{9ED8DBDF-18D0-4FB5-B56B-AC1F06E43AF5}.Release|Any CPU.Build.0 = Release|Any CPU
	EndGlobalSection
	GlobalSection(SolutionProperties) = preSolution
		HideSolutionNode = FALSE
	EndGlobalSection
	GlobalSection(ExtensibilityGlobals) = postSolution
		SolutionGuid = {82B282A2-305A-454D-AD61-E55E0D0AAB51}
	EndGlobalSection
EndGlobal
